
Microsoft Visual Studio Solution File, Format Version 12.00
# Visual Studio Version 17
VisualStudioVersion = 17.6.33927.249
MinimumVisualStudioVersion = 10.0.40219.1
Project("{2150E333-8FDC-42A3-9474-1A3956D46DE8}") = "asset", "asset", "{29D78CB3-1282-4D86-88C3-6EFE4307FD9A}"
	ProjectSection(SolutionItems) = preProject
		asset\Assessment.pdf = asset\Assessment.pdf
	EndProjectSection
EndProject
Project("{2150E333-8FDC-42A3-9474-1A3956D46DE8}") = "src", "src", "{FE8ED52D-8843-427A-B039-7FA15DE1221F}"
EndProject
Project("{2150E333-8FDC-42A3-9474-1A3956D46DE8}") = "test", "test", "{936B1DDD-54E9-46D4-868F-E4F348852E49}"
EndProject
Project("{2150E333-8FDC-42A3-9474-1A3956D46DE8}") = "Shared", "Shared", "{B67D46CA-0094-4E89-BE03-91957D71F48D}"
EndProject
Project("{9A19103F-16F7-4668-BE54-9A1E7A4F7556}") = "Core", "src\Shared\Core\Core.csproj", "{659F664E-23A7-4963-AD06-2CB1E077C161}"
EndProject
Project("{2150E333-8FDC-42A3-9474-1A3956D46DE8}") = "Auth", "Auth", "{9F441826-FFB6-4158-A9DA-0C35DE58BFAA}"
EndProject
Project("{9A19103F-16F7-4668-BE54-9A1E7A4F7556}") = "Entities", "src\Auth\Entities\Entities.csproj", "{7F8C844B-E037-4628-AEF8-F5C68FB6CF93}"
EndProject
Project("{9A19103F-16F7-4668-BE54-9A1E7A4F7556}") = "DataAccess", "src\Auth\DataAccess\DataAccess.csproj", "{E42D55CE-D6F7-414F-8581-C351BBC3E9FD}"
EndProject
Project("{9A19103F-16F7-4668-BE54-9A1E7A4F7556}") = "Business", "src\Auth\Business\Business.csproj", "{56170FFD-5565-40E3-B11A-FCDA0CD7400D}"
EndProject
Project("{9A19103F-16F7-4668-BE54-9A1E7A4F7556}") = "API", "src\Auth\API\API.csproj", "{89CFE682-1F22-4D8E-92A5-D9EE68250082}"
EndProject
Project("{9A19103F-16F7-4668-BE54-9A1E7A4F7556}") = "AuthApi.Tests", "test\AuthApi.Tests\AuthApi.Tests.csproj", "{23054810-06F4-4D24-BB8B-34AD248F80EE}"
EndProject
Project("{2150E333-8FDC-42A3-9474-1A3956D46DE8}") = "Contact", "Contact", "{25C810FB-21FC-4E5D-B357-9E34AE497BF9}"
EndProject
Project("{9A19103F-16F7-4668-BE54-9A1E7A4F7556}") = "Entities", "src\Contact\Entities\Entities.csproj", "{A5A97A24-BE3B-4376-9C92-9F8945898103}"
EndProject
Project("{9A19103F-16F7-4668-BE54-9A1E7A4F7556}") = "DataAccess", "src\Contact\DataAccess\DataAccess.csproj", "{6BC725C0-35CA-4BBC-8544-5405423B536C}"
EndProject
Global
	GlobalSection(SolutionConfigurationPlatforms) = preSolution
		Debug|Any CPU = Debug|Any CPU
		Release|Any CPU = Release|Any CPU
	EndGlobalSection
	GlobalSection(ProjectConfigurationPlatforms) = postSolution
		{659F664E-23A7-4963-AD06-2CB1E077C161}.Debug|Any CPU.ActiveCfg = Debug|Any CPU
		{659F664E-23A7-4963-AD06-2CB1E077C161}.Debug|Any CPU.Build.0 = Debug|Any CPU
		{659F664E-23A7-4963-AD06-2CB1E077C161}.Release|Any CPU.ActiveCfg = Release|Any CPU
		{659F664E-23A7-4963-AD06-2CB1E077C161}.Release|Any CPU.Build.0 = Release|Any CPU
		{7F8C844B-E037-4628-AEF8-F5C68FB6CF93}.Debug|Any CPU.ActiveCfg = Debug|Any CPU
		{7F8C844B-E037-4628-AEF8-F5C68FB6CF93}.Debug|Any CPU.Build.0 = Debug|Any CPU
		{7F8C844B-E037-4628-AEF8-F5C68FB6CF93}.Release|Any CPU.ActiveCfg = Release|Any CPU
		{7F8C844B-E037-4628-AEF8-F5C68FB6CF93}.Release|Any CPU.Build.0 = Release|Any CPU
		{E42D55CE-D6F7-414F-8581-C351BBC3E9FD}.Debug|Any CPU.ActiveCfg = Debug|Any CPU
		{E42D55CE-D6F7-414F-8581-C351BBC3E9FD}.Debug|Any CPU.Build.0 = Debug|Any CPU
		{E42D55CE-D6F7-414F-8581-C351BBC3E9FD}.Release|Any CPU.ActiveCfg = Release|Any CPU
		{E42D55CE-D6F7-414F-8581-C351BBC3E9FD}.Release|Any CPU.Build.0 = Release|Any CPU
		{56170FFD-5565-40E3-B11A-FCDA0CD7400D}.Debug|Any CPU.ActiveCfg = Debug|Any CPU
		{56170FFD-5565-40E3-B11A-FCDA0CD7400D}.Debug|Any CPU.Build.0 = Debug|Any CPU
		{56170FFD-5565-40E3-B11A-FCDA0CD7400D}.Release|Any CPU.ActiveCfg = Release|Any CPU
		{56170FFD-5565-40E3-B11A-FCDA0CD7400D}.Release|Any CPU.Build.0 = Release|Any CPU
		{89CFE682-1F22-4D8E-92A5-D9EE68250082}.Debug|Any CPU.ActiveCfg = Debug|Any CPU
		{89CFE682-1F22-4D8E-92A5-D9EE68250082}.Debug|Any CPU.Build.0 = Debug|Any CPU
		{89CFE682-1F22-4D8E-92A5-D9EE68250082}.Release|Any CPU.ActiveCfg = Release|Any CPU
		{89CFE682-1F22-4D8E-92A5-D9EE68250082}.Release|Any CPU.Build.0 = Release|Any CPU
		{23054810-06F4-4D24-BB8B-34AD248F80EE}.Debug|Any CPU.ActiveCfg = Debug|Any CPU
		{23054810-06F4-4D24-BB8B-34AD248F80EE}.Debug|Any CPU.Build.0 = Debug|Any CPU
		{23054810-06F4-4D24-BB8B-34AD248F80EE}.Release|Any CPU.ActiveCfg = Release|Any CPU
		{23054810-06F4-4D24-BB8B-34AD248F80EE}.Release|Any CPU.Build.0 = Release|Any CPU
		{A5A97A24-BE3B-4376-9C92-9F8945898103}.Debug|Any CPU.ActiveCfg = Debug|Any CPU
		{A5A97A24-BE3B-4376-9C92-9F8945898103}.Debug|Any CPU.Build.0 = Debug|Any CPU
		{A5A97A24-BE3B-4376-9C92-9F8945898103}.Release|Any CPU.ActiveCfg = Release|Any CPU
		{A5A97A24-BE3B-4376-9C92-9F8945898103}.Release|Any CPU.Build.0 = Release|Any CPU
		{6BC725C0-35CA-4BBC-8544-5405423B536C}.Debug|Any CPU.ActiveCfg = Debug|Any CPU
		{6BC725C0-35CA-4BBC-8544-5405423B536C}.Debug|Any CPU.Build.0 = Debug|Any CPU
		{6BC725C0-35CA-4BBC-8544-5405423B536C}.Release|Any CPU.ActiveCfg = Release|Any CPU
		{6BC725C0-35CA-4BBC-8544-5405423B536C}.Release|Any CPU.Build.0 = Release|Any CPU
	EndGlobalSection
	GlobalSection(SolutionProperties) = preSolution
		HideSolutionNode = FALSE
	EndGlobalSection
	GlobalSection(NestedProjects) = preSolution
		{B67D46CA-0094-4E89-BE03-91957D71F48D} = {FE8ED52D-8843-427A-B039-7FA15DE1221F}
		{659F664E-23A7-4963-AD06-2CB1E077C161} = {B67D46CA-0094-4E89-BE03-91957D71F48D}
		{9F441826-FFB6-4158-A9DA-0C35DE58BFAA} = {FE8ED52D-8843-427A-B039-7FA15DE1221F}
		{7F8C844B-E037-4628-AEF8-F5C68FB6CF93} = {9F441826-FFB6-4158-A9DA-0C35DE58BFAA}
		{E42D55CE-D6F7-414F-8581-C351BBC3E9FD} = {9F441826-FFB6-4158-A9DA-0C35DE58BFAA}
		{56170FFD-5565-40E3-B11A-FCDA0CD7400D} = {9F441826-FFB6-4158-A9DA-0C35DE58BFAA}
		{89CFE682-1F22-4D8E-92A5-D9EE68250082} = {9F441826-FFB6-4158-A9DA-0C35DE58BFAA}
		{23054810-06F4-4D24-BB8B-34AD248F80EE} = {936B1DDD-54E9-46D4-868F-E4F348852E49}
		{25C810FB-21FC-4E5D-B357-9E34AE497BF9} = {FE8ED52D-8843-427A-B039-7FA15DE1221F}
		{A5A97A24-BE3B-4376-9C92-9F8945898103} = {25C810FB-21FC-4E5D-B357-9E34AE497BF9}
		{6BC725C0-35CA-4BBC-8544-5405423B536C} = {25C810FB-21FC-4E5D-B357-9E34AE497BF9}
	EndGlobalSection
	GlobalSection(ExtensibilityGlobals) = postSolution
		SolutionGuid = {770D0EC0-FC2F-4590-87CD-24DDA877CE6E}
	EndGlobalSection
EndGlobal
